// !$*UTF8*$!
{
	archiveVersion = 1;
	classes = {
	};
	objectVersion = 50;
	objects = {

/* Begin PBXBuildFile section */
		167AB0D62619EBAD00A2DBB2 /* AppDelegate.swift in Sources */ = {isa = PBXBuildFile; fileRef = 167AB0D52619EBAD00A2DBB2 /* AppDelegate.swift */; };
		167AB0D82619EBAD00A2DBB2 /* SceneDelegate.swift in Sources */ = {isa = PBXBuildFile; fileRef = 167AB0D72619EBAD00A2DBB2 /* SceneDelegate.swift */; };
		167AB0DA2619EBAD00A2DBB2 /* MainScreenRandomNumberViewController.swift in Sources */ = {isa = PBXBuildFile; fileRef = 167AB0D92619EBAD00A2DBB2 /* MainScreenRandomNumberViewController.swift */; };
		167AB0DD2619EBAD00A2DBB2 /* Main.storyboard in Resources */ = {isa = PBXBuildFile; fileRef = 167AB0DB2619EBAD00A2DBB2 /* Main.storyboard */; };
		167AB0DF2619EBAE00A2DBB2 /* Assets.xcassets in Resources */ = {isa = PBXBuildFile; fileRef = 167AB0DE2619EBAE00A2DBB2 /* Assets.xcassets */; };
		167AB0E22619EBAE00A2DBB2 /* LaunchScreen.storyboard in Resources */ = {isa = PBXBuildFile; fileRef = 167AB0E02619EBAE00A2DBB2 /* LaunchScreen.storyboard */; };
		167AB0F32619F60000A2DBB2 /* SettingsViewController.swift in Sources */ = {isa = PBXBuildFile; fileRef = 167AB0F22619F60000A2DBB2 /* SettingsViewController.swift */; };
/* End PBXBuildFile section */

/* Begin PBXFileReference section */
		167AB0D22619EBAD00A2DBB2 /* AuthoriseProject.app */ = {isa = PBXFileReference; explicitFileType = wrapper.application; includeInIndex = 0; path = AuthoriseProject.app; sourceTree = BUILT_PRODUCTS_DIR; };
		167AB0D52619EBAD00A2DBB2 /* AppDelegate.swift */ = {isa = PBXFileReference; lastKnownFileType = sourcecode.swift; path = AppDelegate.swift; sourceTree = "<group>"; };
		167AB0D72619EBAD00A2DBB2 /* SceneDelegate.swift */ = {isa = PBXFileReference; lastKnownFileType = sourcecode.swift; path = SceneDelegate.swift; sourceTree = "<group>"; };
		167AB0D92619EBAD00A2DBB2 /* MainScreenRandomNumberViewController.swift */ = {isa = PBXFileReference; lastKnownFileType = sourcecode.swift; path = MainScreenRandomNumberViewController.swift; sourceTree = "<group>"; };
		167AB0DC2619EBAD00A2DBB2 /* Base */ = {isa = PBXFileReference; lastKnownFileType = file.storyboard; name = Base; path = Base.lproj/Main.storyboard; sourceTree = "<group>"; };
		167AB0DE2619EBAE00A2DBB2 /* Assets.xcassets */ = {isa = PBXFileReference; lastKnownFileType = folder.assetcatalog; path = Assets.xcassets; sourceTree = "<group>"; };
		167AB0E12619EBAE00A2DBB2 /* Base */ = {isa = PBXFileReference; lastKnownFileType = file.storyboard; name = Base; path = Base.lproj/LaunchScreen.storyboard; sourceTree = "<group>"; };
		167AB0E32619EBAE00A2DBB2 /* Info.plist */ = {isa = PBXFileReference; lastKnownFileType = text.plist.xml; path = Info.plist; sourceTree = "<group>"; };
		167AB0F22619F60000A2DBB2 /* SettingsViewController.swift */ = {isa = PBXFileReference; lastKnownFileType = sourcecode.swift; path = SettingsViewController.swift; sourceTree = "<group>"; };
/* End PBXFileReference section */

/* Begin PBXFrameworksBuildPhase section */
		167AB0CF2619EBAD00A2DBB2 /* Frameworks */ = {
			isa = PBXFrameworksBuildPhase;
			buildActionMask = 2147483647;
			files = (
			);
			runOnlyForDeploymentPostprocessing = 0;
		};
/* End PBXFrameworksBuildPhase section */

/* Begin PBXGroup section */
		167AB0C92619EBAD00A2DBB2 = {
			isa = PBXGroup;
			children = (
				167AB0D42619EBAD00A2DBB2 /* AuthoriseProject */,
				167AB0D32619EBAD00A2DBB2 /* Products */,
			);
			sourceTree = "<group>";
		};
		167AB0D32619EBAD00A2DBB2 /* Products */ = {
			isa = PBXGroup;
			children = (
				167AB0D22619EBAD00A2DBB2 /* AuthoriseProject.app */,
			);
			name = Products;
			sourceTree = "<group>";
		};
		167AB0D42619EBAD00A2DBB2 /* AuthoriseProject */ = {
			isa = PBXGroup;
			children = (
				167AB0D52619EBAD00A2DBB2 /* AppDelegate.swift */,
				167AB0D72619EBAD00A2DBB2 /* SceneDelegate.swift */,
				167AB0D92619EBAD00A2DBB2 /* MainScreenRandomNumberViewController.swift */,
				167AB0F22619F60000A2DBB2 /* SettingsViewController.swift */,
				167AB0DB2619EBAD00A2DBB2 /* Main.storyboard */,
				167AB0DE2619EBAE00A2DBB2 /* Assets.xcassets */,
				167AB0E02619EBAE00A2DBB2 /* LaunchScreen.storyboard */,
				167AB0E32619EBAE00A2DBB2 /* Info.plist */,
			);
			path = AuthoriseProject;
			sourceTree = "<group>";
		};
/* End PBXGroup section */

/* Begin PBXNativeTarget section */
		167AB0D12619EBAD00A2DBB2 /* AuthoriseProject */ = {
			isa = PBXNativeTarget;
			buildConfigurationList = 167AB0E62619EBAE00A2DBB2 /* Build configuration list for PBXNativeTarget "AuthoriseProject" */;
			buildPhases = (
				167AB0CE2619EBAD00A2DBB2 /* Sources */,
				167AB0CF2619EBAD00A2DBB2 /* Frameworks */,
				167AB0D02619EBAD00A2DBB2 /* Resources */,
			);
			buildRules = (
			);
			dependencies = (
			);
			name = AuthoriseProject;
			productName = AuthoriseProject;
			productReference = 167AB0D22619EBAD00A2DBB2 /* AuthoriseProject.app */;
			productType = "com.apple.product-type.application";
		};
/* End PBXNativeTarget section */

/* Begin PBXProject section */
		167AB0CA2619EBAD00A2DBB2 /* Project object */ = {
			isa = PBXProject;
			attributes = {
				LastSwiftUpdateCheck = 1240;
				LastUpgradeCheck = 1240;
				TargetAttributes = {
					167AB0D12619EBAD00A2DBB2 = {
						CreatedOnToolsVersion = 12.4;
					};
				};
			};
			buildConfigurationList = 167AB0CD2619EBAD00A2DBB2 /* Build configuration list for PBXProject "AuthoriseProject" */;
			compatibilityVersion = "Xcode 9.3";
			developmentRegion = en;
			hasScannedForEncodings = 0;
			knownRegions = (
				en,
				Base,
			);
			mainGroup = 167AB0C92619EBAD00A2DBB2;
			productRefGroup = 167AB0D32619EBAD00A2DBB2 /* Products */;
			projectDirPath = "";
			projectRoot = "";
			targets = (
				167AB0D12619EBAD00A2DBB2 /* AuthoriseProject */,
			);
		};
/* End PBXProject section */

/* Begin PBXResourcesBuildPhase section */
		167AB0D02619EBAD00A2DBB2 /* Resources */ = {
			isa = PBXResourcesBuildPhase;
			buildActionMask = 2147483647;
			files = (
				167AB0E22619EBAE00A2DBB2 /* LaunchScreen.storyboard in Resources */,
				167AB0DF2619EBAE00A2DBB2 /* Assets.xcassets in Resources */,
				167AB0DD2619EBAD00A2DBB2 /* Main.storyboard in Resources */,
			);
			runOnlyForDeploymentPostprocessing = 0;
		};
/* End PBXResourcesBuildPhase section */

/* Begin PBXSourcesBuildPhase section */
		167AB0CE2619EBAD00A2DBB2 /* Sources */ = {
			isa = PBXSourcesBuildPhase;
			buildActionMask = 2147483647;
			files = (
				167AB0DA2619EBAD00A2DBB2 /* MainScreenRandomNumberViewController.swift in Sources */,
				167AB0D62619EBAD00A2DBB2 /* AppDelegate.swift in Sources */,
				167AB0D82619EBAD00A2DBB2 /* SceneDelegate.swift in Sources */,
				167AB0F32619F60000A2DBB2 /* SettingsViewController.swift in Sources */,
			);
			runOnlyForDeploymentPostprocessing = 0;
		};
/* End PBXSourcesBuildPhase section */

/* Begin PBXVariantGroup section */
		167AB0DB2619EBAD00A2DBB2 /* Main.storyboard */ = {
			isa = PBXVariantGroup;
			children = (
				167AB0DC2619EBAD00A2DBB2 /* Base */,
			);
			name = Main.storyboard;
			sourceTree = "<group>";
		};
		167AB0E02619EBAE00A2DBB2 /* LaunchScreen.storyboard */ = {
			isa = PBXVariantGroup;
			children = (
				167AB0E12619EBAE00A2DBB2 /* Base */,
			);
			name = LaunchScreen.storyboard;
			sourceTree = "<group>";
		};
/* End PBXVariantGroup section */

/* Begin XCBuildConfiguration section */
		167AB0E42619EBAE00A2DBB2 /* Debug */ = {
			isa = XCBuildConfiguration;
			buildSettings = {
				ALWAYS_SEARCH_USER_PATHS = NO;
				CLANG_ANALYZER_NONNULL = YES;
				CLANG_ANALYZER_NUMBER_OBJECT_CONVERSION = YES_AGGRESSIVE;
				CLANG_CXX_LANGUAGE_STANDARD = "gnu++14";
				CLANG_CXX_LIBRARY = "libc++";
				CLANG_ENABLE_MODULES = YES;
				CLANG_ENABLE_OBJC_ARC = YES;
				CLANG_ENABLE_OBJC_WEAK = YES;
				CLANG_WARN_BLOCK_CAPTURE_AUTORELEASING = YES;
				CLANG_WARN_BOOL_CONVERSION = YES;
				CLANG_WARN_COMMA = YES;
				CLANG_WARN_CONSTANT_CONVERSION = YES;
				CLANG_WARN_DEPRECATED_OBJC_IMPLEMENTATIONS = YES;
				CLANG_WARN_DIRECT_OBJC_ISA_USAGE = YES_ERROR;
				CLANG_WARN_DOCUMENTATION_COMMENTS = YES;
				CLANG_WARN_EMPTY_BODY = YES;
				CLANG_WARN_ENUM_CONVERSION = YES;
				CLANG_WARN_INFINITE_RECURSION = YES;
				CLANG_WARN_INT_CONVERSION = YES;
				CLANG_WARN_NON_LITERAL_NULL_CONVERSION = YES;
				CLANG_WARN_OBJC_IMPLICIT_RETAIN_SELF = YES;
				CLANG_WARN_OBJC_LITERAL_CONVERSION = YES;
				CLANG_WARN_OBJC_ROOT_CLASS = YES_ERROR;
				CLANG_WARN_QUOTED_INCLUDE_IN_FRAMEWORK_HEADER = YES;
				CLANG_WARN_RANGE_LOOP_ANALYSIS = YES;
				CLANG_WARN_STRICT_PROTOTYPES = YES;
				CLANG_WARN_SUSPICIOUS_MOVE = YES;
				CLANG_WARN_UNGUARDED_AVAILABILITY = YES_AGGRESSIVE;
				CLANG_WARN_UNREACHABLE_CODE = YES;
				CLANG_WARN__DUPLICATE_METHOD_MATCH = YES;
				COPY_PHASE_STRIP = NO;
				DEBUG_INFORMATION_FORMAT = dwarf;
				ENABLE_STRICT_OBJC_MSGSEND = YES;
				ENABLE_TESTABILITY = YES;
				GCC_C_LANGUAGE_STANDARD = gnu11;
				GCC_DYNAMIC_NO_PIC = NO;
				GCC_NO_COMMON_BLOCKS = YES;
				GCC_OPTIMIZATION_LEVEL = 0;
				GCC_PREPROCESSOR_DEFINITIONS = (
					"DEBUG=1",
					"$(inherited)",
				);
				GCC_WARN_64_TO_32_BIT_CONVERSION = YES;
				GCC_WARN_ABOUT_RETURN_TYPE = YES_ERROR;
				GCC_WARN_UNDECLARED_SELECTOR = YES;
				GCC_WARN_UNINITIALIZED_AUTOS = YES_AGGRESSIVE;
				GCC_WARN_UNUSED_FUNCTION = YES;
				GCC_WARN_UNUSED_VARIABLE = YES;
				IPHONEOS_DEPLOYMENT_TARGET = 14.4;
				MTL_ENABLE_DEBUG_INFO = INCLUDE_SOURCE;
				MTL_FAST_MATH = YES;
				ONLY_ACTIVE_ARCH = YES;
				SDKROOT = iphoneos;
				SWIFT_ACTIVE_COMPILATION_CONDITIONS = DEBUG;
				SWIFT_OPTIMIZATION_LEVEL = "-Onone";
			};
			name = Debug;
		};
		167AB0E52619EBAE00A2DBB2 /* Release */ = {
			isa = XCBuildConfiguration;
			buildSettings = {
				ALWAYS_SEARCH_USER_PATHS = NO;
				CLANG_ANALYZER_NONNULL = YES;
				CLANG_ANALYZER_NUMBER_OBJECT_CONVERSION = YES_AGGRESSIVE;
				CLANG_CXX_LANGUAGE_STANDARD = "gnu++14";
				CLANG_CXX_LIBRARY = "libc++";
				CLANG_ENABLE_MODULES = YES;
				CLANG_ENABLE_OBJC_ARC = YES;
				CLANG_ENABLE_OBJC_WEAK = YES;
				CLANG_WARN_BLOCK_CAPTURE_AUTORELEASING = YES;
				CLANG_WARN_BOOL_CONVERSION = YES;
				CLANG_WARN_COMMA = YES;
				CLANG_WARN_CONSTANT_CONVERSION = YES;
				CLANG_WARN_DEPRECATED_OBJC_IMPLEMENTATIONS = YES;
				CLANG_WARN_DIRECT_OBJC_ISA_USAGE = YES_ERROR;
				CLANG_WARN_DOCUMENTATION_COMMENTS = YES;
				CLANG_WARN_EMPTY_BODY = YES;
				CLANG_WARN_ENUM_CONVERSION = YES;
				CLANG_WARN_INFINITE_RECURSION = YES;
				CLANG_WARN_INT_CONVERSION = YES;
				CLANG_WARN_NON_LITERAL_NULL_CONVERSION = YES;
				CLANG_WARN_OBJC_IMPLICIT_RETAIN_SELF = YES;
				CLANG_WARN_OBJC_LITERAL_CONVERSION = YES;
				CLANG_WARN_OBJC_ROOT_CLASS = YES_ERROR;
				CLANG_WARN_QUOTED_INCLUDE_IN_FRAMEWORK_HEADER = YES;
				CLANG_WARN_RANGE_LOOP_ANALYSIS = YES;
				CLANG_WARN_STRICT_PROTOTYPES = YES;
				CLANG_WARN_SUSPICIOUS_MOVE = YES;
				CLANG_WARN_UNGUARDED_AVAILABILITY = YES_AGGRESSIVE;
				CLANG_WARN_UNREACHABLE_CODE = YES;
				CLANG_WARN__DUPLICATE_METHOD_MATCH = YES;
				COPY_PHASE_STRIP = NO;
				DEBUG_INFORMATION_FORMAT = "dwarf-with-dsym";
				ENABLE_NS_ASSERTIONS = NO;
				ENABLE_STRICT_OBJC_MSGSEND = YES;
				GCC_C_LANGUAGE_STANDARD = gnu11;
				GCC_NO_COMMON_BLOCKS = YES;
				GCC_WARN_64_TO_32_BIT_CONVERSION = YES;
				GCC_WARN_ABOUT_RETURN_TYPE = YES_ERROR;
				GCC_WARN_UNDECLARED_SELECTOR = YES;
				GCC_WARN_UNINITIALIZED_AUTOS = YES_AGGRESSIVE;
				GCC_WARN_UNUSED_FUNCTION = YES;
				GCC_WARN_UNUSED_VARIABLE = YES;
				IPHONEOS_DEPLOYMENT_TARGET = 14.4;
				MTL_ENABLE_DEBUG_INFO = NO;
				MTL_FAST_MATH = YES;
				SDKROOT = iphoneos;
				SWIFT_COMPILATION_MODE = wholemodule;
				SWIFT_OPTIMIZATION_LEVEL = "-O";
				VALIDATE_PRODUCT = YES;
			};
			name = Release;
		};
		167AB0E72619EBAE00A2DBB2 /* Debug */ = {
			isa = XCBuildConfiguration;
			buildSettings = {
				ASSETCATALOG_COMPILER_APPICON_NAME = AppIcon;
				ASSETCATALOG_COMPILER_GLOBAL_ACCENT_COLOR_NAME = AccentColor;
				CODE_SIGN_STYLE = Automatic;
				DEVELOPMENT_TEAM = GGTGUU9V2F;
				INFOPLIST_FILE = AuthoriseProject/Info.plist;
				LD_RUNPATH_SEARCH_PATHS = (
					"$(inherited)",
					"@executable_path/Frameworks",
				);
				PRODUCT_BUNDLE_IDENTIFIER = ru.dvoryak.AuthoriseProject;
				PRODUCT_NAME = "$(TARGET_NAME)";
				SWIFT_VERSION = 5.0;
				TARGETED_DEVICE_FAMILY = 1;
			};
			name = Debug;
		};
		167AB0E82619EBAE00A2DBB2 /* Release */ = {
			isa = XCBuildConfiguration;
			buildSettings = {
				ASSETCATALOG_COMPILER_APPICON_NAME = AppIcon;
				ASSETCATALOG_COMPILER_GLOBAL_ACCENT_COLOR_NAME = AccentColor;
				CODE_SIGN_STYLE = Automatic;
				DEVELOPMENT_TEAM = GGTGUU9V2F;
				INFOPLIST_FILE = AuthoriseProject/Info.plist;
				LD_RUNPATH_SEARCH_PATHS = (
					"$(inherited)",
					"@executable_path/Frameworks",
				);
				PRODUCT_BUNDLE_IDENTIFIER = ru.dvoryak.AuthoriseProject;
				PRODUCT_NAME = "$(TARGET_NAME)";
				SWIFT_VERSION = 5.0;
				TARGETED_DEVICE_FAMILY = 1;
			};
			name = Release;
		};
/* End XCBuildConfiguration section */

/* Begin XCConfigurationList section */
		167AB0CD2619EBAD00A2DBB2 /* Build configuration list for PBXProject "AuthoriseProject" */ = {
			isa = XCConfigurationList;
			buildConfigurations = (
				167AB0E42619EBAE00A2DBB2 /* Debug */,
				167AB0E52619EBAE00A2DBB2 /* Release */,
			);
			defaultConfigurationIsVisible = 0;
			defaultConfigurationName = Release;
		};
		167AB0E62619EBAE00A2DBB2 /* Build configuration list for PBXNativeTarget "AuthoriseProject" */ = {
			isa = XCConfigurationList;
			buildConfigurations = (
				167AB0E72619EBAE00A2DBB2 /* Debug */,
				167AB0E82619EBAE00A2DBB2 /* Release */,
			);
			defaultConfigurationIsVisible = 0;
			defaultConfigurationName = Release;
		};
/* End XCConfigurationList section */
	};
	rootObject = 167AB0CA2619EBAD00A2DBB2 /* Project object */;
}
